
Microsoft Visual Studio Solution File, Format Version 12.00
# Visual Studio Version 17
VisualStudioVersion = 17.4.33110.190
MinimumVisualStudioVersion = 10.0.40219.1
Project("{FAE04EC0-301F-11D3-BF4B-00C04F79EFBC}") = "PWManagerUI", "PWManagerUI\PWManagerUI.csproj", "{CDC425DF-5D88-47C2-9016-76B49BF69981}"
EndProject
Global
	GlobalSection(SolutionConfigurationPlatforms) = preSolution
		Debug|Any CPU = Debug|Any CPU
		Release|Any CPU = Release|Any CPU
	EndGlobalSection
	GlobalSection(ProjectConfigurationPlatforms) = postSolution
		{CDC425DF-5D88-47C2-9016-76B49BF69981}.Debug|Any CPU.ActiveCfg = Debug|Any CPU
		{CDC425DF-5D88-47C2-9016-76B49BF69981}.Debug|Any CPU.Build.0 = Debug|Any CPU
		{CDC425DF-5D88-47C2-9016-76B49BF69981}.Release|Any CPU.ActiveCfg = Release|Any CPU
		{CDC425DF-5D88-47C2-9016-76B49BF69981}.Release|Any CPU.Build.0 = Release|Any CPU
	EndGlobalSection
	GlobalSection(SolutionProperties) = preSolution
		HideSolutionNode = FALSE
	EndGlobalSection
	GlobalSection(ExtensibilityGlobals) = postSolution
		SolutionGuid = {16ABFD46-2001-4899-9130-8AA9F3528B66}
	EndGlobalSection
EndGlobal
